
Microsoft Visual Studio Solution File, Format Version 12.00
# Visual Studio Version 16
VisualStudioVersion = 16.0.31829.152
MinimumVisualStudioVersion = 10.0.40219.1
Project("{9A19103F-16F7-4668-BE54-9A1E7A4F7556}") = "WeatherAlertApi", "WeatherAlertApi\WeatherAlertApi.csproj", "{F1ED7F0B-5793-44FF-ADC1-604C638156E7}"
EndProject
Project("{FAE04EC0-301F-11D3-BF4B-00C04F79EFBC}") = "WeatherClientApp", "WeatherClientApp\WeatherClientApp.csproj", "{0D5BD75B-4ECA-4095-A157-EDF2A7D8146D}"
EndProject
Global
	GlobalSection(SolutionConfigurationPlatforms) = preSolution
		Debug|Any CPU = Debug|Any CPU
		Release|Any CPU = Release|Any CPU
	EndGlobalSection
	GlobalSection(ProjectConfigurationPlatforms) = postSolution
		{F1ED7F0B-5793-44FF-ADC1-604C638156E7}.Debug|Any CPU.ActiveCfg = Debug|Any CPU
		{F1ED7F0B-5793-44FF-ADC1-604C638156E7}.Debug|Any CPU.Build.0 = Debug|Any CPU
		{F1ED7F0B-5793-44FF-ADC1-604C638156E7}.Release|Any CPU.ActiveCfg = Release|Any CPU
		{F1ED7F0B-5793-44FF-ADC1-604C638156E7}.Release|Any CPU.Build.0 = Release|Any CPU
		{0D5BD75B-4ECA-4095-A157-EDF2A7D8146D}.Debug|Any CPU.ActiveCfg = Debug|Any CPU
		{0D5BD75B-4ECA-4095-A157-EDF2A7D8146D}.Debug|Any CPU.Build.0 = Debug|Any CPU
		{0D5BD75B-4ECA-4095-A157-EDF2A7D8146D}.Release|Any CPU.ActiveCfg = Release|Any CPU
		{0D5BD75B-4ECA-4095-A157-EDF2A7D8146D}.Release|Any CPU.Build.0 = Release|Any CPU
	EndGlobalSection
	GlobalSection(SolutionProperties) = preSolution
		HideSolutionNode = FALSE
	EndGlobalSection
	GlobalSection(ExtensibilityGlobals) = postSolution
		SolutionGuid = {FBF073E2-2FCA-48C8-AE4C-3BCC47B26D4C}
	EndGlobalSection
EndGlobal
